
Microsoft Visual Studio Solution File, Format Version 11.00
# Visual Web Developer Express 2010
Project("{FAE04EC0-301F-11D3-BF4B-00C04F79EFBC}") = "TrailLocker", "TrailLocker\TrailLocker.csproj", "{A5EE0E0A-F3DC-4220-8B7F-C5847B0C123E}"
EndProject
Global
	GlobalSection(SolutionConfigurationPlatforms) = preSolution
		Debug|Any CPU = Debug|Any CPU
		Release|Any CPU = Release|Any CPU
	EndGlobalSection
	GlobalSection(ProjectConfigurationPlatforms) = postSolution
		{A5EE0E0A-F3DC-4220-8B7F-C5847B0C123E}.Debug|Any CPU.ActiveCfg = Debug|Any CPU
		{A5EE0E0A-F3DC-4220-8B7F-C5847B0C123E}.Debug|Any CPU.Build.0 = Debug|Any CPU
		{A5EE0E0A-F3DC-4220-8B7F-C5847B0C123E}.Release|Any CPU.ActiveCfg = Release|Any CPU
		{A5EE0E0A-F3DC-4220-8B7F-C5847B0C123E}.Release|Any CPU.Build.0 = Release|Any CPU
	EndGlobalSection
	GlobalSection(SolutionProperties) = preSolution
		HideSolutionNode = FALSE
	EndGlobalSection
EndGlobal
